# Development tools and hook repositories; reasons are recorded for each pin.
pre-commit 4.2.0 - Installs and runs the repository's configured hooks.
gitleaks v8.30.1 - Detects secrets in staged changes.
pre-commit-hooks v5.0.0 - Provides whitespace, file-format, symlink, and key checks.
yamllint v1.38.0 - Lints YAML files.
conventional-pre-commit v4.4.0 - Validates commit messages against Conventional Commits.
github.com/prometheus/client_golang v1.21.1 - Exposes the Prometheus default registry through promhttp.
go.opentelemetry.io/contrib/instrumentation/net/http/otelhttp v0.60.0 - Instruments HTTP handlers and propagates trace context on client requests.
go.opentelemetry.io/otel v1.35.0 - Provides the OpenTelemetry API for distributed tracing and propagation.
go.opentelemetry.io/otel/exporters/otlp/otlptrace/otlptracegrpc v1.35.0 - Exports traces to the configured OTLP gRPC endpoint.
go.opentelemetry.io/otel/sdk v1.35.0 - Provides the OpenTelemetry SDK and trace provider.
go.opentelemetry.io/otel/sdk/metric v1.35.0 - Provides the meter provider and periodic reader for the OTLP-only business counters.
go.opentelemetry.io/otel/metric v1.35.0 - Provides the metric API for the "demo" Meter's business counters.
go.opentelemetry.io/otel/exporters/otlp/otlpmetric/otlpmetricgrpc v1.35.0 - Exports business counters over the same OTLP gRPC connection as traces.
google.golang.org/grpc v1.71.0 - Provides the single gRPC connection shared by the trace and metric OTLP exporters.
ubuntu-24.04-cloud-image sha256:6a81c37564db9b1ee84e141922625e1d7c5b389b99bb3c572e0243607d5bb4d2 - Base image for the disposable local KVM validation VM.
ubuntu-24.04-server-installer-amd64 sha256:97f3d7ffb032c3eb3b23d2c8be9cc76e60c2c1f2c0146ba5ba9fe01cafae0fd8 - Official Ubuntu 24.04.5 live-server ISO used as the bootable installer base.
qemu-system-x86 1:8.2.2+ds-0ubuntu1.18 - Runs the local validation guest with KVM acceleration and user-mode networking.
qemu-system-gui 1:8.2.2+ds-0ubuntu1.18 - Provides a local display so the installer disk can be selected and confirmed.
qemu-utils 1:8.2.2+ds-0ubuntu1.18 - Creates the VM's qcow2 overlay without modifying the base image.
cloud-image-utils 0.33-1 - Creates the cloud-init seed image that provisions guest SSH access.
host-ca-certificates 20260601~24.04.1 - Supplies trusted CA certificates for pinned build-node downloads.
host-curl 8.5.0-2ubuntu10.15 - Downloads verified build-node artifacts.
host-git 1:2.43.0-1ubuntu7.3 - Checks out repository sources on the build node.
host-jq 1.7.1-3ubuntu0.24.04.2 - Parses structured registry and validation output.
host-yq 3.1.0-3 - Reads structured YAML configuration during provisioning.
host-openssh-client 1:9.6p1-3ubuntu13.19 - Connects to the local validation VM over forwarded SSH.
host-make 4.3-4.1build2 - Runs the Go application's documented Make targets.
host-dpkg-dev 1.22.6ubuntu6.6 - Indexes the captured Debian packages for offline installation from the bootable ISO.
host-docker.io 29.1.3-0ubuntu3~24.04.2 - Captures/exports images and provides Buildx for the reproducible hey image build.
host-golang-go 2:1.22~2build1 - Builds and tests the Go demo application.
host-helm v4.3.0 sha256:86584a54def73570558f66f5111cc53dfed56689637ae32c1201205d494f54fb - Installs the pinned vendored Helm charts.
host-kubectl v1.32.10 sha256:6e14ef4e509e9f3d1dfc2815643f832f853d2d9f6622d4a0f83f77c7e4014b57 - Verifies the pinned K3S Kubernetes version and installed components.
host-openssh-server 1:9.6p1-3ubuntu13.19 - Provides key-only remote access to the installed offline demo node.
host-openssl 3.0.13-0ubuntu3.16 - Generates an unknown password hash for the key-only ISO installer account.
host-python3-yaml 6.0.1-2build2 - Parses the autoinstall document safely in the live ISO storage selector.
host-xorriso 1:1.5.6-1.1ubuntu3 - Rebuilds the Ubuntu Server installer ISO with the offline workshop payload.
k3s v1.32.10+k3s1 - Kubernetes server release for the offline single-node cluster.
k3s-binary-amd64 sha256:6f4012de542b9e831c1fcdb030645156aa4ca355202ea20ea5e544ae4ee1e650 - Verifies the pinned K3S executable.
k3s-airgap-images-amd64.tar.zst sha256:4217e7a36bfecc66cd678e854175f740f6b97dda44b094a132bf751c7198bba9 - Preloads K3S control-plane images without runtime registry access.
chart.cilium 1.17.6 - Provides Cilium networking, Hubble relay/UI, and flow metrics.
chart.tetragon 1.4.0 - Provides the Tetragon eBPF security agent DaemonSet.
chart.kube-prometheus-stack 91.8.2 - Provides Prometheus, Alertmanager, Grafana, and Prometheus Operator.
chart.loki 7.3.0 - Provides Loki single-binary and the Loki gateway.
chart.tempo 1.24.4 - Provides Tempo single-binary with OTLP ingestion.
chart.pyroscope 2.3.1 - Provides the Pyroscope single-instance profile backend.
chart.opentelemetry-collector 0.174.0 - Provides the OTLP traces fan-out Deployment.
chart.fluent-bit-collector 1.1.2 - Provides the Kubernetes log tailing and Loki forwarding collector DaemonSet.
chart.perses 0.23.2 - Provides Perses UI and provisioning configuration.
build-image.hey-builder golang:1.24-alpine@sha256:757779acac4af1b349a20f357c7296097b4a0b89da4ad0e370b339060077282a - Pinned Go builder for the self-contained hey load generator.
build-image.buildkit moby/buildkit:v0.33.1@sha256:98cc6a3fc46220d00f8224ae483f3274fc874e9be8d7dd1e2e2c5481209228b5 - Pinned BuildKit image used to export the load generator reproducibly.
capture.perses-plugin-prometheus v0.54.0 sha256:4ae6745796d3bf83e205828bf969e881f65c62ce29226b84fe923c399b4fb0cc - Prometheus query and datasource plugin for Perses.
capture.perses-plugin-loki v0.6.0 sha256:b4908eac7188b51f9ebbab4e0b3fc583af4e7c0b496d9e34aeb8c555e45fb339 - Loki query and datasource plugin for Perses.
capture.perses-plugin-tempo v0.54.0 sha256:7feb128b9b05d130fa01c4020849e03e7b77595ac15945c288315e3534cc30cf - Tempo query and datasource plugin for Perses.
cilium-cli v0.20.1 sha256:24e817dcfcc8a12e325ce7547617bcbcf171c5b0b335bb24d2bb1207ba047f61 - Verifies Cilium readiness and kube-proxy replacement.
hubble-cli v1.17.5 sha256:448f3b50326d1ea05e18a314e5d1f75174073188290a90d9e8f555e35e169ab0 - Verifies Hubble relay gRPC reachability.
helm-archive v4.3.0 sha256:86584a54def73570558f66f5111cc53dfed56689637ae32c1201205d494f54fb - Supplies the pinned Helm binary to the offline node.
image.cilium quay.io/cilium/cilium:v1.17.6@sha256:68148753c375f8ea5e3bc0a9efdce20d83954abf5fa24c69de23a0d2702c65ee - Cilium agent registry manifest.
image.cilium-operator quay.io/cilium/operator-generic:v1.17.6@sha256:a47cb0985a8fea9b46af9cffb2d67e48501dc41d7e2070cf0e8da761faed32ba - Cilium operator registry manifest.
image.cilium-envoy quay.io/cilium/cilium-envoy:v1.33.4-1752151664-7c2edb0b44cf95f326d628b837fcdd845102ba68@sha256:318eff387835ca2717baab42a84f35a83a5f9e7d519253df87269f80b9ff0171 - Cilium Envoy registry manifest.
image.hubble-relay quay.io/cilium/hubble-relay:v1.17.6@sha256:6ff7762e7697f8249c9beb2a9ecb8f3a6bf6ff302acaecc2dbc9c192de2d3b8a - Hubble relay registry manifest.
image.hubble-ui quay.io/cilium/hubble-ui:v0.13.2@sha256:f6574f768b890cbbe857f35f9083180b1a514b664592e874f7d7bbef2fbd6e3d - Hubble UI frontend registry manifest.
image.hubble-ui-backend quay.io/cilium/hubble-ui-backend:v0.13.2@sha256:bfe0cb9158fd044ab499706c3e36469739e6b4accda8e79f80367935a17b4ac6 - Hubble UI backend registry manifest.
image.fluent-bit ghcr.io/fluent/fluent-bit:5.1.2@sha256:71cda445290efc2d45d565c12e0de4b15aa0182510276ad50c317aae1423d7ee - Fluent Bit collector registry manifest.
image.tetragon quay.io/cilium/tetragon:v1.4.0@sha256:35b5a399fe3a031ff07c1075c1ac79a2f93162b3ed57252e8f10890599aeb556 - Tetragon agent registry manifest.
image.bats docker.io/bats/bats:1.14.0@sha256:89937522414867f16858f25197f4220b306b81699a82ad5062ccdeb3be214882 - Helm test image.
image.grafana docker.io/grafana/grafana:13.2.3-distroless@sha256:8c7801a8ed84616d266ce871f3728c2e1054c284ec2eae766e42310361895fd4 - Grafana registry manifest.
image.loki docker.io/grafana/loki:3.6.12@sha256:b957b4fb9534e979c15b3850fe2cf798d2979a78d6774033080fbaa48ac1495e - Loki registry manifest.
image.pyroscope docker.io/grafana/pyroscope:2.3.1@sha256:718b585ea168a616ca737018dbd1676992db9e5f1084ec4e9cd18f669326f334 - Pyroscope registry manifest.
image.tempo docker.io/grafana/tempo:2.9.0@sha256:b025a4a4db0a58cc94e2abfab59751f92d74ab8cc024d2e6025ba7efb87bbaff - Tempo registry manifest.
image.grafana-sidecar docker.io/kiwigrid/k8s-sidecar:2.5.0@sha256:4f8f7ff326827489dc3742e17cd0e04e2f89deb49f67021d2a5418d8b78e7ddc - Grafana sidecar registry manifest.
image.loki-gateway docker.io/nginxinc/nginx-unprivileged:1.29-alpine@sha256:8059701048a6cc7d64e8ab2812a44be70161bfa9ecfc01d69e95b8ff2a648705 - Loki gateway registry manifest.
image.perses docker.io/persesdev/perses:v0.54.0@sha256:6def46a662a22e790b49c01865c80f547d11d16a83213ac102a0e722d27ece13 - Perses registry manifest.
image.opentelemetry-collector docker.io/otel/opentelemetry-collector-k8s:0.161.0@sha256:6f053bdf677220d726936b20df32d4d1d040bd76cf27f44275cc91f99e1dde23 - OpenTelemetry Collector registry manifest.
image.prometheus-operator quay.io/prometheus-operator/prometheus-operator:v0.94.1@sha256:ee7157809d227e2f9c112b329a9732bca4eb65d4df157ce83111f4debe4646fd - Prometheus Operator registry manifest.
image.prometheus-config-reloader quay.io/prometheus-operator/prometheus-config-reloader:v0.94.1@sha256:ac2f46e50daebc6163d2ba17adbbbc7fe8f51a0000e7961e821dcb9331b3702f - Prometheus config reloader registry manifest.
image.alertmanager quay.io/prometheus/alertmanager:v0.34.1@sha256:84967b9b7ba45e38a9278d3e594305f43d4993c310df3905b51138b816c365f3 - Alertmanager registry manifest.
image.prometheus quay.io/prometheus/prometheus:v3.15.0-distroless@sha256:3e84c7d7c1b07a779c0d51ab41982dce05147a6bb49a674e8dec794a7ba25447 - Prometheus registry manifest.
image.alert-echo docker.io/library/python:3.13-alpine@sha256:f3ebba2ace255c93267a0278da88c7f1044432991abc4e6ad20d22e34dd0f8ee - Minimal JSON Alertmanager webhook sink.
image.hey-loadgen registry.lab.local:5000/demo/hey:v0.1.4@sha256:ebf6de9ae1b0c6ba709238450c4ad88b7b6802c8ba48b217342d114caa1da4e2 - Reproducibly built self-contained hey v0.1.4 load generator.
image.demo-app registry.lab.local:5000/demo/app:v0.1.0@sha256:029b44f6e41330b1aa6e41a97bd914f78625f04630d2075cd72ffedf5e86f8da - Reproducibly built frontend, api, backend, and sensor-sim from app/ via images/app/Dockerfile.
image.local-registry docker.io/library/registry:2.8.3@sha256:46faa9a1ae6813194b53921a370f2f4f8c5e1aae228a89bceafef5847a6a3278 - Local OCI registry endpoint used by the offline demo preflight.
image.skopeo quay.io/skopeo/stable:v1.20.0@sha256:47853bb9fb24202af9110531ebd6e43c5f97701254ca290596640290d17942f4 - Copies images into bundle/oci on the build node and seeds the local registry on the replay node.
workshop.repo.opentelemetry a9bca59cd766da5dc07e007a5d1a6524a93edec5 - GitLab source HEAD SHA
workshop.docs.opentelemetry 2026-10-04 - GitLab Pages mirror date
workshop.repo.otel-developers ce3840fb30a221bc8ccf9baa22e03e75b4fbb8df - GitLab source HEAD SHA
workshop.docs.otel-developers 2026-10-04 - GitLab Pages mirror date
workshop.repo.prometheus a24bdd7baaaedac550570a10b3d36ea9f9d9adba - GitLab source HEAD SHA
workshop.docs.prometheus 2026-10-04 - GitLab Pages mirror date
workshop.repo.fluentbit dcbbb50daa24e860a86ecc9bc9e41e62c9ce509d - GitLab source HEAD SHA
workshop.docs.fluentbit 2026-10-04 - GitLab Pages mirror date
workshop.repo.perses 5c93d0fada4dcabaacfe24feacb4a75b78d1c3bb - GitLab source HEAD SHA
workshop.docs.perses 2026-10-04 - GitLab Pages mirror date
runtime-download.otel-developers.opentelemetry-java-tracing-demo-v1.1.zip sha256:86518c7cbc1d1966a4356b40a8e7ace3a5fba6d7360b1d09a7314345e967bb30 - source=https://gitlab.com/o11y-workshops/opentelemetry-java-tracing-demo/-/archive/v1.1/opentelemetry-java-tracing-demo-v1.1.zip path=content/vendor/downloads/otel-developers/opentelemetry-java-tracing-demo-v1.1.zip
runtime-download.prometheus.prometheus-java-metrics-demo-v0.5.zip sha256:806746b3b2565d3a8cd3bc02611814b27b2a87a22bde652d33eb60ac4fb5c302 - source=https://gitlab.com/o11y-workshops/prometheus-java-metrics-demo/-/archive/v0.5/prometheus-java-metrics-demo-v0.5.zip path=content/vendor/downloads/prometheus/prometheus-java-metrics-demo-v0.5.zip
runtime-download.prometheus.prometheus-service-demo-installer-v1.0.zip sha256:a8098f487d651997ec8cf3a5322a8b70b3a3ac60d9edee4c740bf8b2351b0af1 - source=https://gitlab.com/o11y-workshops/prometheus-service-demo-installer/-/archive/v1.0/prometheus-service-demo-installer-v1.0.zip path=content/vendor/downloads/prometheus/prometheus-service-demo-installer-v1.0.zip
workshop.reveal.js-menu 2.1.0 - source=https://registry.npmjs.org/reveal.js-menu/-/reveal.js-menu-2.1.0.tgz menu.js-sha256=975e1d92515c5b99966abeb0ffd29a5b47d655eadfde662bed6b74fab5f31400; copied into all five documentation mirrors and all five repository trees.
learner-k3s v1.37.1+k3s1 - official release https://github.com/k3s-io/k3s/releases/tag/v1.37.1%2Bk3s1; stable amd64 pin for learner VM.
learner-k3s-binary-amd64 sha256:92b94582eb7b34a8cf532e6006842b9ed215a6783cf56a3dd6271fd35243b2c0 - source=https://github.com/k3s-io/k3s/releases/download/v1.37.1%2Bk3s1/k3s delivery=runtime:K3S_BINARY_URL REQUIRED; manual-staging=$MANUAL_FETCH_DIR/k3s/k3s; not committed; install to /usr/local/bin/k3s mode 0755 root.
learner-k3s-airgap-images-amd64.tar.zst sha256:865b2a63ad7a63fc0db17b7fc2985bf4ae11d5ae93ca1472be6218d20aeb6b23 - source=https://github.com/k3s-io/k3s/releases/download/v1.37.1%2Bk3s1/k3s-airgap-images-amd64.tar.zst delivery=runtime:K3S_AIRGAP_IMAGES_URL OPTIONAL; manual-staging=$MANUAL_FETCH_DIR/k3s/k3s-airgap-images-amd64.tar.zst; not committed or transferred; stage=/var/lib/rancher/k3s/agent/images/k3s-airgap-images-amd64.tar.zst.
learner-k3s-install.sh sha256:e5cc3b3d9dfc1662c2d9be6da5abc9a4cd317d6abc3a5ffc02e3dd3248207fee - source=https://get.k3s.io path=content/vendor/k3s/install.sh; small installer input retained in Git.
learner-k3s-images.txt sha256:377307d4039ccd04f0e27d2906595a8c7b7d49a79f7553c311f6f960ff3efb58 - source=https://github.com/k3s-io/k3s/releases/download/v1.37.1%2Bk3s1/k3s-images.txt path=content/vendor/k3s/k3s-images.txt.
learner-k3s-selinux-rpm sha256:a1e24b0d82b1a6806cd420e2c0398a1796b055efe368fa4aebc8bb173850934f - version=1.6-1.el8 source=https://rpm.rancher.io/k3s/stable/common/centos/8/noarch/k3s-selinux-1.6-1.el8.noarch.rpm path=content/vendor/k3s/k3s-selinux-1.6-1.el8.noarch.rpm.
learner-k3s-registry-probe not-probed (all eight HTTP 000) - connected host could not resolve the configured registry host; see content/vendor/k3s/registry-probe.txt. Do not treat this as an image miss or successful probe.
learner-k3s-registry-delivery registries.yaml CRI mirror - pinned v1.37.1+k3s1 reads /etc/rancher/k3s/registries.yaml before start; kubelet and k3s crictl pulls use the containerd CRI mirror configuration. Use k3s crictl pull/images for diagnostics; k3s ctr is not the mirror-aware pull path.
workshop.manual-fetch-generator 1.0 - online-only Python 3 tool; structured Kubernetes manifest parsing uses PyYAML 6.0.1; generates content/vendor/MANUAL-FETCH.md and manual-fetch.json from versions.lock and content inventories.
workshop.image-bundles 1.0 - online-only fallback tooling; runs the existing pinned image.skopeo via Docker and writes Docker-archive tarballs loadable by Podman or k3s ctr; pulls upstream images only for transfer bundles, never on the learner VM.
